
Microsoft Visual Studio Solution File, Format Version 12.00
# Visual Studio Version 16
VisualStudioVersion = 16.0.31911.196
MinimumVisualStudioVersion = 10.0.40219.1
Project("{FAE04EC0-301F-11D3-BF4B-00C04F79EFBC}") = "Ders30_RadioButton", "Ders30_RadioButton\Ders30_RadioButton.csproj", "{8C067173-B0D5-4840-9B37-1F7BAA7E3445}"
EndProject
Global
	GlobalSection(SolutionConfigurationPlatforms) = preSolution
		Debug|Any CPU = Debug|Any CPU
		Release|Any CPU = Release|Any CPU
	EndGlobalSection
	GlobalSection(ProjectConfigurationPlatforms) = postSolution
		{8C067173-B0D5-4840-9B37-1F7BAA7E3445}.Debug|Any CPU.ActiveCfg = Debug|Any CPU
		{8C067173-B0D5-4840-9B37-1F7BAA7E3445}.Debug|Any CPU.Build.0 = Debug|Any CPU
		{8C067173-B0D5-4840-9B37-1F7BAA7E3445}.Release|Any CPU.ActiveCfg = Release|Any CPU
		{8C067173-B0D5-4840-9B37-1F7BAA7E3445}.Release|Any CPU.Build.0 = Release|Any CPU
	EndGlobalSection
	GlobalSection(SolutionProperties) = preSolution
		HideSolutionNode = FALSE
	EndGlobalSection
	GlobalSection(ExtensibilityGlobals) = postSolution
		SolutionGuid = {28C2153B-18FD-45CF-9030-0EDFFE8CBB4B}
	EndGlobalSection
EndGlobal
