
Microsoft Visual Studio Solution File, Format Version 12.00
# Visual Studio Version 16
VisualStudioVersion = 16.0.31911.196
MinimumVisualStudioVersion = 10.0.40219.1
Project("{FAE04EC0-301F-11D3-BF4B-00C04F79EFBC}") = "Ders_001_Inheritance", "Ders_001_Inheritance\Ders_001_Inheritance.csproj", "{52CA90C2-B304-40CB-86C8-ACB65B4315D1}"
EndProject
Global
	GlobalSection(SolutionConfigurationPlatforms) = preSolution
		Debug|Any CPU = Debug|Any CPU
		Release|Any CPU = Release|Any CPU
	EndGlobalSection
	GlobalSection(ProjectConfigurationPlatforms) = postSolution
		{52CA90C2-B304-40CB-86C8-ACB65B4315D1}.Debug|Any CPU.ActiveCfg = Debug|Any CPU
		{52CA90C2-B304-40CB-86C8-ACB65B4315D1}.Debug|Any CPU.Build.0 = Debug|Any CPU
		{52CA90C2-B304-40CB-86C8-ACB65B4315D1}.Release|Any CPU.ActiveCfg = Release|Any CPU
		{52CA90C2-B304-40CB-86C8-ACB65B4315D1}.Release|Any CPU.Build.0 = Release|Any CPU
	EndGlobalSection
	GlobalSection(SolutionProperties) = preSolution
		HideSolutionNode = FALSE
	EndGlobalSection
	GlobalSection(ExtensibilityGlobals) = postSolution
		SolutionGuid = {D463CE72-3F50-4A78-8607-D1909CA9BEF5}
	EndGlobalSection
EndGlobal
