
Microsoft Visual Studio Solution File, Format Version 12.00
# Visual Studio Version 16
VisualStudioVersion = 16.0.31911.196
MinimumVisualStudioVersion = 10.0.40219.1
Project("{FAE04EC0-301F-11D3-BF4B-00C04F79EFBC}") = "Console3", "Console3\Console3.csproj", "{784A5F92-CF80-4F15-97FC-5CAA6B428066}"
EndProject
Global
	GlobalSection(SolutionConfigurationPlatforms) = preSolution
		Debug|Any CPU = Debug|Any CPU
		Release|Any CPU = Release|Any CPU
	EndGlobalSection
	GlobalSection(ProjectConfigurationPlatforms) = postSolution
		{784A5F92-CF80-4F15-97FC-5CAA6B428066}.Debug|Any CPU.ActiveCfg = Debug|Any CPU
		{784A5F92-CF80-4F15-97FC-5CAA6B428066}.Debug|Any CPU.Build.0 = Debug|Any CPU
		{784A5F92-CF80-4F15-97FC-5CAA6B428066}.Release|Any CPU.ActiveCfg = Release|Any CPU
		{784A5F92-CF80-4F15-97FC-5CAA6B428066}.Release|Any CPU.Build.0 = Release|Any CPU
	EndGlobalSection
	GlobalSection(SolutionProperties) = preSolution
		HideSolutionNode = FALSE
	EndGlobalSection
	GlobalSection(ExtensibilityGlobals) = postSolution
		SolutionGuid = {2D455ADB-204B-4848-87EA-07B9467E3387}
	EndGlobalSection
EndGlobal
