
Microsoft Visual Studio Solution File, Format Version 12.00
# Visual Studio Version 16
VisualStudioVersion = 16.0.31911.196
MinimumVisualStudioVersion = 10.0.40219.1
Project("{FAE04EC0-301F-11D3-BF4B-00C04F79EFBC}") = "Ders36_VKI", "Ders36_VKI\Ders36_VKI.csproj", "{5079CB12-C5A3-4042-B445-290DF247CCAA}"
EndProject
Global
	GlobalSection(SolutionConfigurationPlatforms) = preSolution
		Debug|Any CPU = Debug|Any CPU
		Release|Any CPU = Release|Any CPU
	EndGlobalSection
	GlobalSection(ProjectConfigurationPlatforms) = postSolution
		{5079CB12-C5A3-4042-B445-290DF247CCAA}.Debug|Any CPU.ActiveCfg = Debug|Any CPU
		{5079CB12-C5A3-4042-B445-290DF247CCAA}.Debug|Any CPU.Build.0 = Debug|Any CPU
		{5079CB12-C5A3-4042-B445-290DF247CCAA}.Release|Any CPU.ActiveCfg = Release|Any CPU
		{5079CB12-C5A3-4042-B445-290DF247CCAA}.Release|Any CPU.Build.0 = Release|Any CPU
	EndGlobalSection
	GlobalSection(SolutionProperties) = preSolution
		HideSolutionNode = FALSE
	EndGlobalSection
	GlobalSection(ExtensibilityGlobals) = postSolution
		SolutionGuid = {5220071F-DD1E-4F52-91BB-D0302988A825}
	EndGlobalSection
EndGlobal
