
Microsoft Visual Studio Solution File, Format Version 12.00
# Visual Studio Version 16
VisualStudioVersion = 16.0.31911.196
MinimumVisualStudioVersion = 10.0.40219.1
Project("{9A19103F-16F7-4668-BE54-9A1E7A4F7556}") = "Ders21_Form_AdoNet", "Ders21_Form_AdoNet.csproj", "{D1EA7E78-9ABD-4F78-A6F2-19842850C5F9}"
EndProject
Global
	GlobalSection(SolutionConfigurationPlatforms) = preSolution
		Debug|Any CPU = Debug|Any CPU
		Release|Any CPU = Release|Any CPU
	EndGlobalSection
	GlobalSection(ProjectConfigurationPlatforms) = postSolution
		{D1EA7E78-9ABD-4F78-A6F2-19842850C5F9}.Debug|Any CPU.ActiveCfg = Debug|Any CPU
		{D1EA7E78-9ABD-4F78-A6F2-19842850C5F9}.Debug|Any CPU.Build.0 = Debug|Any CPU
		{D1EA7E78-9ABD-4F78-A6F2-19842850C5F9}.Release|Any CPU.ActiveCfg = Release|Any CPU
		{D1EA7E78-9ABD-4F78-A6F2-19842850C5F9}.Release|Any CPU.Build.0 = Release|Any CPU
	EndGlobalSection
	GlobalSection(SolutionProperties) = preSolution
		HideSolutionNode = FALSE
	EndGlobalSection
	GlobalSection(ExtensibilityGlobals) = postSolution
		SolutionGuid = {1C4EAF81-CB04-4F0A-881A-1D8795CCEE6B}
	EndGlobalSection
EndGlobal
