
Microsoft Visual Studio Solution File, Format Version 12.00
# Visual Studio Version 16
VisualStudioVersion = 16.0.31911.196
MinimumVisualStudioVersion = 10.0.40219.1
Project("{FAE04EC0-301F-11D3-BF4B-00C04F79EFBC}") = "Ders29_Netler", "Ders29_Netler\Ders29_Netler.csproj", "{943177A1-18A4-49B8-BB82-E6CC8D6E8B1D}"
EndProject
Global
	GlobalSection(SolutionConfigurationPlatforms) = preSolution
		Debug|Any CPU = Debug|Any CPU
		Release|Any CPU = Release|Any CPU
	EndGlobalSection
	GlobalSection(ProjectConfigurationPlatforms) = postSolution
		{943177A1-18A4-49B8-BB82-E6CC8D6E8B1D}.Debug|Any CPU.ActiveCfg = Debug|Any CPU
		{943177A1-18A4-49B8-BB82-E6CC8D6E8B1D}.Debug|Any CPU.Build.0 = Debug|Any CPU
		{943177A1-18A4-49B8-BB82-E6CC8D6E8B1D}.Release|Any CPU.ActiveCfg = Release|Any CPU
		{943177A1-18A4-49B8-BB82-E6CC8D6E8B1D}.Release|Any CPU.Build.0 = Release|Any CPU
	EndGlobalSection
	GlobalSection(SolutionProperties) = preSolution
		HideSolutionNode = FALSE
	EndGlobalSection
	GlobalSection(ExtensibilityGlobals) = postSolution
		SolutionGuid = {033C3B88-A4F3-424A-BC26-0C95E0BBCBAD}
	EndGlobalSection
EndGlobal
