
Microsoft Visual Studio Solution File, Format Version 12.00
# Visual Studio Version 16
VisualStudioVersion = 16.0.31911.196
MinimumVisualStudioVersion = 10.0.40219.1
Project("{9A19103F-16F7-4668-BE54-9A1E7A4F7556}") = "Ders4_WhileLoop", "Ders4_WhileLoop.csproj", "{1862DC13-932B-4690-BEC2-EF3D8F115052}"
EndProject
Global
	GlobalSection(SolutionConfigurationPlatforms) = preSolution
		Debug|Any CPU = Debug|Any CPU
		Release|Any CPU = Release|Any CPU
	EndGlobalSection
	GlobalSection(ProjectConfigurationPlatforms) = postSolution
		{1862DC13-932B-4690-BEC2-EF3D8F115052}.Debug|Any CPU.ActiveCfg = Debug|Any CPU
		{1862DC13-932B-4690-BEC2-EF3D8F115052}.Debug|Any CPU.Build.0 = Debug|Any CPU
		{1862DC13-932B-4690-BEC2-EF3D8F115052}.Release|Any CPU.ActiveCfg = Release|Any CPU
		{1862DC13-932B-4690-BEC2-EF3D8F115052}.Release|Any CPU.Build.0 = Release|Any CPU
	EndGlobalSection
	GlobalSection(SolutionProperties) = preSolution
		HideSolutionNode = FALSE
	EndGlobalSection
	GlobalSection(ExtensibilityGlobals) = postSolution
		SolutionGuid = {C7368D0A-C5C6-49AF-B742-045F2FCC9DCE}
	EndGlobalSection
EndGlobal
