
Microsoft Visual Studio Solution File, Format Version 12.00
# Visual Studio Version 16
VisualStudioVersion = 16.0.31911.196
MinimumVisualStudioVersion = 10.0.40219.1
Project("{9A19103F-16F7-4668-BE54-9A1E7A4F7556}") = "Ders10-OOP2-Encapsulation", "Ders10-OOP2-Encapsulation.csproj", "{90C7ADE9-1AF2-46EF-BFB0-E6F26DA209A5}"
EndProject
Global
	GlobalSection(SolutionConfigurationPlatforms) = preSolution
		Debug|Any CPU = Debug|Any CPU
		Release|Any CPU = Release|Any CPU
	EndGlobalSection
	GlobalSection(ProjectConfigurationPlatforms) = postSolution
		{90C7ADE9-1AF2-46EF-BFB0-E6F26DA209A5}.Debug|Any CPU.ActiveCfg = Debug|Any CPU
		{90C7ADE9-1AF2-46EF-BFB0-E6F26DA209A5}.Debug|Any CPU.Build.0 = Debug|Any CPU
		{90C7ADE9-1AF2-46EF-BFB0-E6F26DA209A5}.Release|Any CPU.ActiveCfg = Release|Any CPU
		{90C7ADE9-1AF2-46EF-BFB0-E6F26DA209A5}.Release|Any CPU.Build.0 = Release|Any CPU
	EndGlobalSection
	GlobalSection(SolutionProperties) = preSolution
		HideSolutionNode = FALSE
	EndGlobalSection
	GlobalSection(ExtensibilityGlobals) = postSolution
		SolutionGuid = {AA184627-DF8C-4B45-B893-B47A35B71CE8}
	EndGlobalSection
EndGlobal
