
Microsoft Visual Studio Solution File, Format Version 12.00
# Visual Studio Version 16
VisualStudioVersion = 16.0.31911.196
MinimumVisualStudioVersion = 10.0.40219.1
Project("{FAE04EC0-301F-11D3-BF4B-00C04F79EFBC}") = "Ders25_Button", "Ders25_Button\Ders25_Button.csproj", "{A0398BDE-A0C0-4C39-B3FD-FE7FF94C51F0}"
EndProject
Global
	GlobalSection(SolutionConfigurationPlatforms) = preSolution
		Debug|Any CPU = Debug|Any CPU
		Release|Any CPU = Release|Any CPU
	EndGlobalSection
	GlobalSection(ProjectConfigurationPlatforms) = postSolution
		{A0398BDE-A0C0-4C39-B3FD-FE7FF94C51F0}.Debug|Any CPU.ActiveCfg = Debug|Any CPU
		{A0398BDE-A0C0-4C39-B3FD-FE7FF94C51F0}.Debug|Any CPU.Build.0 = Debug|Any CPU
		{A0398BDE-A0C0-4C39-B3FD-FE7FF94C51F0}.Release|Any CPU.ActiveCfg = Release|Any CPU
		{A0398BDE-A0C0-4C39-B3FD-FE7FF94C51F0}.Release|Any CPU.Build.0 = Release|Any CPU
	EndGlobalSection
	GlobalSection(SolutionProperties) = preSolution
		HideSolutionNode = FALSE
	EndGlobalSection
	GlobalSection(ExtensibilityGlobals) = postSolution
		SolutionGuid = {A6836833-E102-4D87-A085-6F9B23D21578}
	EndGlobalSection
EndGlobal
