
Microsoft Visual Studio Solution File, Format Version 12.00
# Visual Studio Version 16
VisualStudioVersion = 16.0.31911.196
MinimumVisualStudioVersion = 10.0.40219.1
Project("{FAE04EC0-301F-11D3-BF4B-00C04F79EFBC}") = "Ders27_PassForm", "Ders27_PassForm\Ders27_PassForm.csproj", "{80CC17AA-3F0D-42ED-B13D-EA9F29BE1FBA}"
EndProject
Global
	GlobalSection(SolutionConfigurationPlatforms) = preSolution
		Debug|Any CPU = Debug|Any CPU
		Release|Any CPU = Release|Any CPU
	EndGlobalSection
	GlobalSection(ProjectConfigurationPlatforms) = postSolution
		{80CC17AA-3F0D-42ED-B13D-EA9F29BE1FBA}.Debug|Any CPU.ActiveCfg = Debug|Any CPU
		{80CC17AA-3F0D-42ED-B13D-EA9F29BE1FBA}.Debug|Any CPU.Build.0 = Debug|Any CPU
		{80CC17AA-3F0D-42ED-B13D-EA9F29BE1FBA}.Release|Any CPU.ActiveCfg = Release|Any CPU
		{80CC17AA-3F0D-42ED-B13D-EA9F29BE1FBA}.Release|Any CPU.Build.0 = Release|Any CPU
	EndGlobalSection
	GlobalSection(SolutionProperties) = preSolution
		HideSolutionNode = FALSE
	EndGlobalSection
	GlobalSection(ExtensibilityGlobals) = postSolution
		SolutionGuid = {28A702FF-E5E8-440D-B589-EE3FF3B602FB}
	EndGlobalSection
EndGlobal
