
Microsoft Visual Studio Solution File, Format Version 12.00
# Visual Studio Version 16
VisualStudioVersion = 16.0.31911.196
MinimumVisualStudioVersion = 10.0.40219.1
Project("{9A19103F-16F7-4668-BE54-9A1E7A4F7556}") = "Ders11-OOP-Kalıtım", "Ders11-OOP-Kalıtım.csproj", "{BBFCA1A1-9140-45EE-8ACE-2581E1289597}"
EndProject
Global
	GlobalSection(SolutionConfigurationPlatforms) = preSolution
		Debug|Any CPU = Debug|Any CPU
		Release|Any CPU = Release|Any CPU
	EndGlobalSection
	GlobalSection(ProjectConfigurationPlatforms) = postSolution
		{BBFCA1A1-9140-45EE-8ACE-2581E1289597}.Debug|Any CPU.ActiveCfg = Debug|Any CPU
		{BBFCA1A1-9140-45EE-8ACE-2581E1289597}.Debug|Any CPU.Build.0 = Debug|Any CPU
		{BBFCA1A1-9140-45EE-8ACE-2581E1289597}.Release|Any CPU.ActiveCfg = Release|Any CPU
		{BBFCA1A1-9140-45EE-8ACE-2581E1289597}.Release|Any CPU.Build.0 = Release|Any CPU
	EndGlobalSection
	GlobalSection(SolutionProperties) = preSolution
		HideSolutionNode = FALSE
	EndGlobalSection
	GlobalSection(ExtensibilityGlobals) = postSolution
		SolutionGuid = {D68723AC-FAD9-478A-83CF-F0394CA018D8}
	EndGlobalSection
EndGlobal
