
Microsoft Visual Studio Solution File, Format Version 12.00
# Visual Studio Version 16
VisualStudioVersion = 16.0.31911.196
MinimumVisualStudioVersion = 10.0.40219.1
Project("{FAE04EC0-301F-11D3-BF4B-00C04F79EFBC}") = "Ders24_YasHesapla", "Ders24_YasHesapla\Ders24_YasHesapla.csproj", "{8BB0367E-76D3-4E6F-AD4E-2C765F9BBE0A}"
EndProject
Global
	GlobalSection(SolutionConfigurationPlatforms) = preSolution
		Debug|Any CPU = Debug|Any CPU
		Release|Any CPU = Release|Any CPU
	EndGlobalSection
	GlobalSection(ProjectConfigurationPlatforms) = postSolution
		{8BB0367E-76D3-4E6F-AD4E-2C765F9BBE0A}.Debug|Any CPU.ActiveCfg = Debug|Any CPU
		{8BB0367E-76D3-4E6F-AD4E-2C765F9BBE0A}.Debug|Any CPU.Build.0 = Debug|Any CPU
		{8BB0367E-76D3-4E6F-AD4E-2C765F9BBE0A}.Release|Any CPU.ActiveCfg = Release|Any CPU
		{8BB0367E-76D3-4E6F-AD4E-2C765F9BBE0A}.Release|Any CPU.Build.0 = Release|Any CPU
	EndGlobalSection
	GlobalSection(SolutionProperties) = preSolution
		HideSolutionNode = FALSE
	EndGlobalSection
	GlobalSection(ExtensibilityGlobals) = postSolution
		SolutionGuid = {423E66E2-D70E-4962-94F2-74DDE29AF0C4}
	EndGlobalSection
EndGlobal
