
Microsoft Visual Studio Solution File, Format Version 12.00
# Visual Studio Version 16
VisualStudioVersion = 16.0.31911.196
MinimumVisualStudioVersion = 10.0.40219.1
Project("{F184B08F-C81C-45F6-A57F-5ABD9991F28F}") = "ConsoleApp1", "ConsoleApp1\ConsoleApp1.vbproj", "{48E3280B-0F98-449F-AE55-FBE1EA643C15}"
EndProject
Global
	GlobalSection(SolutionConfigurationPlatforms) = preSolution
		Debug|Any CPU = Debug|Any CPU
		Release|Any CPU = Release|Any CPU
	EndGlobalSection
	GlobalSection(ProjectConfigurationPlatforms) = postSolution
		{48E3280B-0F98-449F-AE55-FBE1EA643C15}.Debug|Any CPU.ActiveCfg = Debug|Any CPU
		{48E3280B-0F98-449F-AE55-FBE1EA643C15}.Debug|Any CPU.Build.0 = Debug|Any CPU
		{48E3280B-0F98-449F-AE55-FBE1EA643C15}.Release|Any CPU.ActiveCfg = Release|Any CPU
		{48E3280B-0F98-449F-AE55-FBE1EA643C15}.Release|Any CPU.Build.0 = Release|Any CPU
	EndGlobalSection
	GlobalSection(SolutionProperties) = preSolution
		HideSolutionNode = FALSE
	EndGlobalSection
	GlobalSection(ExtensibilityGlobals) = postSolution
		SolutionGuid = {662BB52D-9863-4FAC-BEE6-A8578755AE65}
	EndGlobalSection
EndGlobal
