
Microsoft Visual Studio Solution File, Format Version 12.00
# Visual Studio Version 16
VisualStudioVersion = 16.0.31911.196
MinimumVisualStudioVersion = 10.0.40219.1
Project("{FAE04EC0-301F-11D3-BF4B-00C04F79EFBC}") = "UserPassword", "UserPassword\UserPassword.csproj", "{34A4A2C9-F75E-48B2-960B-99EB751C7E33}"
EndProject
Global
	GlobalSection(SolutionConfigurationPlatforms) = preSolution
		Debug|Any CPU = Debug|Any CPU
		Release|Any CPU = Release|Any CPU
	EndGlobalSection
	GlobalSection(ProjectConfigurationPlatforms) = postSolution
		{34A4A2C9-F75E-48B2-960B-99EB751C7E33}.Debug|Any CPU.ActiveCfg = Debug|Any CPU
		{34A4A2C9-F75E-48B2-960B-99EB751C7E33}.Debug|Any CPU.Build.0 = Debug|Any CPU
		{34A4A2C9-F75E-48B2-960B-99EB751C7E33}.Release|Any CPU.ActiveCfg = Release|Any CPU
		{34A4A2C9-F75E-48B2-960B-99EB751C7E33}.Release|Any CPU.Build.0 = Release|Any CPU
	EndGlobalSection
	GlobalSection(SolutionProperties) = preSolution
		HideSolutionNode = FALSE
	EndGlobalSection
	GlobalSection(ExtensibilityGlobals) = postSolution
		SolutionGuid = {4E997895-D348-4DEC-AC96-1DD723666F60}
	EndGlobalSection
EndGlobal
