
Microsoft Visual Studio Solution File, Format Version 12.00
# Visual Studio Version 16
VisualStudioVersion = 16.0.32901.82
MinimumVisualStudioVersion = 10.0.40219.1
Project("{FAE04EC0-301F-11D3-BF4B-00C04F79EFBC}") = "Ders31-Password", "Ders31-Password\Ders31-Password.csproj", "{89068B97-902B-4219-8A85-922FA2C520C8}"
EndProject
Global
	GlobalSection(SolutionConfigurationPlatforms) = preSolution
		Debug|Any CPU = Debug|Any CPU
		Release|Any CPU = Release|Any CPU
	EndGlobalSection
	GlobalSection(ProjectConfigurationPlatforms) = postSolution
		{89068B97-902B-4219-8A85-922FA2C520C8}.Debug|Any CPU.ActiveCfg = Debug|Any CPU
		{89068B97-902B-4219-8A85-922FA2C520C8}.Debug|Any CPU.Build.0 = Debug|Any CPU
		{89068B97-902B-4219-8A85-922FA2C520C8}.Release|Any CPU.ActiveCfg = Release|Any CPU
		{89068B97-902B-4219-8A85-922FA2C520C8}.Release|Any CPU.Build.0 = Release|Any CPU
	EndGlobalSection
	GlobalSection(SolutionProperties) = preSolution
		HideSolutionNode = FALSE
	EndGlobalSection
	GlobalSection(ExtensibilityGlobals) = postSolution
		SolutionGuid = {9E44D158-AB1B-4915-8B5D-86912B670226}
	EndGlobalSection
EndGlobal
